// !$*UTF8*$!
{
	archiveVersion = 1;
	classes = {
	};
	objectVersion = 56;
	objects = {

/* Begin PBXBuildFile section */
		D1367FB02B0482D6006F9078 /* AppDelegate.swift in Sources */ = {isa = PBXBuildFile; fileRef = D1367FAF2B0482D6006F9078 /* AppDelegate.swift */; };
		D1367FB22B0482D6006F9078 /* SceneDelegate.swift in Sources */ = {isa = PBXBuildFile; fileRef = D1367FB12B0482D6006F9078 /* SceneDelegate.swift */; };
		D1367FB42B0482D6006F9078 /* RMTabBarController.swift in Sources */ = {isa = PBXBuildFile; fileRef = D1367FB32B0482D6006F9078 /* RMTabBarController.swift */; };
		D1367FB92B0482D7006F9078 /* Assets.xcassets in Resources */ = {isa = PBXBuildFile; fileRef = D1367FB82B0482D7006F9078 /* Assets.xcassets */; };
		D1367FBC2B0482D7006F9078 /* LaunchScreen.storyboard in Resources */ = {isa = PBXBuildFile; fileRef = D1367FBA2B0482D7006F9078 /* LaunchScreen.storyboard */; };
		D1367FCE2B048747006F9078 /* RMLocation.swift in Sources */ = {isa = PBXBuildFile; fileRef = D1367FCD2B048747006F9078 /* RMLocation.swift */; };
		D1367FD02B048762006F9078 /* RMCharacter.swift in Sources */ = {isa = PBXBuildFile; fileRef = D1367FCF2B048762006F9078 /* RMCharacter.swift */; };
		D1367FD22B048774006F9078 /* RMEpisode.swift in Sources */ = {isa = PBXBuildFile; fileRef = D1367FD12B048774006F9078 /* RMEpisode.swift */; };
		D1367FD52B048846006F9078 /* RMLocationController.swift in Sources */ = {isa = PBXBuildFile; fileRef = D1367FD42B048846006F9078 /* RMLocationController.swift */; };
		D1367FD72B048868006F9078 /* RMCharacterController.swift in Sources */ = {isa = PBXBuildFile; fileRef = D1367FD62B048868006F9078 /* RMCharacterController.swift */; };
		D1367FD92B04887D006F9078 /* RMEpisodeController.swift in Sources */ = {isa = PBXBuildFile; fileRef = D1367FD82B04887D006F9078 /* RMEpisodeController.swift */; };
		D1367FDB2B048896006F9078 /* RMSettingsController.swift in Sources */ = {isa = PBXBuildFile; fileRef = D1367FDA2B048896006F9078 /* RMSettingsController.swift */; };
/* End PBXBuildFile section */

/* Begin PBXFileReference section */
		D1367FAC2B0482D6006F9078 /* RickAndMorty.app */ = {isa = PBXFileReference; explicitFileType = wrapper.application; includeInIndex = 0; path = RickAndMorty.app; sourceTree = BUILT_PRODUCTS_DIR; };
		D1367FAF2B0482D6006F9078 /* AppDelegate.swift */ = {isa = PBXFileReference; lastKnownFileType = sourcecode.swift; path = AppDelegate.swift; sourceTree = "<group>"; };
		D1367FB12B0482D6006F9078 /* SceneDelegate.swift */ = {isa = PBXFileReference; lastKnownFileType = sourcecode.swift; path = SceneDelegate.swift; sourceTree = "<group>"; };
		D1367FB32B0482D6006F9078 /* RMTabBarController.swift */ = {isa = PBXFileReference; lastKnownFileType = sourcecode.swift; path = RMTabBarController.swift; sourceTree = "<group>"; };
		D1367FB82B0482D7006F9078 /* Assets.xcassets */ = {isa = PBXFileReference; lastKnownFileType = folder.assetcatalog; path = Assets.xcassets; sourceTree = "<group>"; };
		D1367FBB2B0482D7006F9078 /* Base */ = {isa = PBXFileReference; lastKnownFileType = file.storyboard; name = Base; path = Base.lproj/LaunchScreen.storyboard; sourceTree = "<group>"; };
		D1367FBD2B0482D7006F9078 /* Info.plist */ = {isa = PBXFileReference; lastKnownFileType = text.plist.xml; path = Info.plist; sourceTree = "<group>"; };
		D1367FCD2B048747006F9078 /* RMLocation.swift */ = {isa = PBXFileReference; lastKnownFileType = sourcecode.swift; path = RMLocation.swift; sourceTree = "<group>"; };
		D1367FCF2B048762006F9078 /* RMCharacter.swift */ = {isa = PBXFileReference; lastKnownFileType = sourcecode.swift; path = RMCharacter.swift; sourceTree = "<group>"; };
		D1367FD12B048774006F9078 /* RMEpisode.swift */ = {isa = PBXFileReference; lastKnownFileType = sourcecode.swift; path = RMEpisode.swift; sourceTree = "<group>"; };
		D1367FD42B048846006F9078 /* RMLocationController.swift */ = {isa = PBXFileReference; lastKnownFileType = sourcecode.swift; path = RMLocationController.swift; sourceTree = "<group>"; };
		D1367FD62B048868006F9078 /* RMCharacterController.swift */ = {isa = PBXFileReference; lastKnownFileType = sourcecode.swift; path = RMCharacterController.swift; sourceTree = "<group>"; };
		D1367FD82B04887D006F9078 /* RMEpisodeController.swift */ = {isa = PBXFileReference; lastKnownFileType = sourcecode.swift; path = RMEpisodeController.swift; sourceTree = "<group>"; };
		D1367FDA2B048896006F9078 /* RMSettingsController.swift */ = {isa = PBXFileReference; lastKnownFileType = sourcecode.swift; path = RMSettingsController.swift; sourceTree = "<group>"; };
/* End PBXFileReference section */

/* Begin PBXFrameworksBuildPhase section */
		D1367FA92B0482D6006F9078 /* Frameworks */ = {
			isa = PBXFrameworksBuildPhase;
			buildActionMask = 2147483647;
			files = (
			);
			runOnlyForDeploymentPostprocessing = 0;
		};
/* End PBXFrameworksBuildPhase section */

/* Begin PBXGroup section */
		D1367FA32B0482D6006F9078 = {
			isa = PBXGroup;
			children = (
				D1367FAE2B0482D6006F9078 /* RickAndMorty */,
				D1367FAD2B0482D6006F9078 /* Products */,
			);
			sourceTree = "<group>";
		};
		D1367FAD2B0482D6006F9078 /* Products */ = {
			isa = PBXGroup;
			children = (
				D1367FAC2B0482D6006F9078 /* RickAndMorty.app */,
			);
			name = Products;
			sourceTree = "<group>";
		};
		D1367FAE2B0482D6006F9078 /* RickAndMorty */ = {
			isa = PBXGroup;
			children = (
				D1367FCC2B048684006F9078 /* APIClient */,
				D1367FCB2B04867D006F9078 /* Managers */,
				D1367FC62B0485CC006F9078 /* Views */,
				D1367FC92B04861C006F9078 /* ViewModels */,
				D1367FC72B0485D6006F9078 /* Models */,
				D1367FC82B0485FF006F9078 /* Controllers */,
				D1367FCA2B048673006F9078 /* Resources */,
				D1367FBD2B0482D7006F9078 /* Info.plist */,
			);
			path = RickAndMorty;
			sourceTree = "<group>";
		};
		D1367FC62B0485CC006F9078 /* Views */ = {
			isa = PBXGroup;
			children = (
			);
			path = Views;
			sourceTree = "<group>";
		};
		D1367FC72B0485D6006F9078 /* Models */ = {
			isa = PBXGroup;
			children = (
				D1367FCD2B048747006F9078 /* RMLocation.swift */,
				D1367FCF2B048762006F9078 /* RMCharacter.swift */,
				D1367FD12B048774006F9078 /* RMEpisode.swift */,
			);
			path = Models;
			sourceTree = "<group>";
		};
		D1367FC82B0485FF006F9078 /* Controllers */ = {
			isa = PBXGroup;
			children = (
				D1367FD32B0487F6006F9078 /* Core */,
			);
			path = Controllers;
			sourceTree = "<group>";
		};
		D1367FC92B04861C006F9078 /* ViewModels */ = {
			isa = PBXGroup;
			children = (
			);
			path = ViewModels;
			sourceTree = "<group>";
		};
		D1367FCA2B048673006F9078 /* Resources */ = {
			isa = PBXGroup;
			children = (
				D1367FB82B0482D7006F9078 /* Assets.xcassets */,
				D1367FBA2B0482D7006F9078 /* LaunchScreen.storyboard */,
				D1367FAF2B0482D6006F9078 /* AppDelegate.swift */,
				D1367FB12B0482D6006F9078 /* SceneDelegate.swift */,
			);
			path = Resources;
			sourceTree = "<group>";
		};
		D1367FCB2B04867D006F9078 /* Managers */ = {
			isa = PBXGroup;
			children = (
			);
			path = Managers;
			sourceTree = "<group>";
		};
		D1367FCC2B048684006F9078 /* APIClient */ = {
			isa = PBXGroup;
			children = (
			);
			path = APIClient;
			sourceTree = "<group>";
		};
		D1367FD32B0487F6006F9078 /* Core */ = {
			isa = PBXGroup;
			children = (
				D1367FB32B0482D6006F9078 /* RMTabBarController.swift */,
				D1367FD42B048846006F9078 /* RMLocationController.swift */,
				D1367FD62B048868006F9078 /* RMCharacterController.swift */,
				D1367FD82B04887D006F9078 /* RMEpisodeController.swift */,
				D1367FDA2B048896006F9078 /* RMSettingsController.swift */,
			);
			path = Core;
			sourceTree = "<group>";
		};
/* End PBXGroup section */

/* Begin PBXNativeTarget section */
		D1367FAB2B0482D6006F9078 /* RickAndMorty */ = {
			isa = PBXNativeTarget;
			buildConfigurationList = D1367FC02B0482D7006F9078 /* Build configuration list for PBXNativeTarget "RickAndMorty" */;
			buildPhases = (
				D1367FA82B0482D6006F9078 /* Sources */,
				D1367FA92B0482D6006F9078 /* Frameworks */,
				D1367FAA2B0482D6006F9078 /* Resources */,
			);
			buildRules = (
			);
			dependencies = (
			);
			name = RickAndMorty;
			productName = RickAndMorty;
			productReference = D1367FAC2B0482D6006F9078 /* RickAndMorty.app */;
			productType = "com.apple.product-type.application";
		};
/* End PBXNativeTarget section */

/* Begin PBXProject section */
		D1367FA42B0482D6006F9078 /* Project object */ = {
			isa = PBXProject;
			attributes = {
				BuildIndependentTargetsInParallel = 1;
				LastSwiftUpdateCheck = 1500;
				LastUpgradeCheck = 1500;
				TargetAttributes = {
					D1367FAB2B0482D6006F9078 = {
						CreatedOnToolsVersion = 15.0.1;
					};
				};
			};
			buildConfigurationList = D1367FA72B0482D6006F9078 /* Build configuration list for PBXProject "RickAndMorty" */;
			compatibilityVersion = "Xcode 14.0";
			developmentRegion = en;
			hasScannedForEncodings = 0;
			knownRegions = (
				en,
				Base,
			);
			mainGroup = D1367FA32B0482D6006F9078;
			productRefGroup = D1367FAD2B0482D6006F9078 /* Products */;
			projectDirPath = "";
			projectRoot = "";
			targets = (
				D1367FAB2B0482D6006F9078 /* RickAndMorty */,
			);
		};
/* End PBXProject section */

/* Begin PBXResourcesBuildPhase section */
		D1367FAA2B0482D6006F9078 /* Resources */ = {
			isa = PBXResourcesBuildPhase;
			buildActionMask = 2147483647;
			files = (
				D1367FBC2B0482D7006F9078 /* LaunchScreen.storyboard in Resources */,
				D1367FB92B0482D7006F9078 /* Assets.xcassets in Resources */,
			);
			runOnlyForDeploymentPostprocessing = 0;
		};
/* End PBXResourcesBuildPhase section */

/* Begin PBXSourcesBuildPhase section */
		D1367FA82B0482D6006F9078 /* Sources */ = {
			isa = PBXSourcesBuildPhase;
			buildActionMask = 2147483647;
			files = (
				D1367FD52B048846006F9078 /* RMLocationController.swift in Sources */,
				D1367FD92B04887D006F9078 /* RMEpisodeController.swift in Sources */,
				D1367FD22B048774006F9078 /* RMEpisode.swift in Sources */,
				D1367FDB2B048896006F9078 /* RMSettingsController.swift in Sources */,
				D1367FB42B0482D6006F9078 /* RMTabBarController.swift in Sources */,
				D1367FB02B0482D6006F9078 /* AppDelegate.swift in Sources */,
				D1367FB22B0482D6006F9078 /* SceneDelegate.swift in Sources */,
				D1367FCE2B048747006F9078 /* RMLocation.swift in Sources */,
				D1367FD72B048868006F9078 /* RMCharacterController.swift in Sources */,
				D1367FD02B048762006F9078 /* RMCharacter.swift in Sources */,
			);
			runOnlyForDeploymentPostprocessing = 0;
		};
/* End PBXSourcesBuildPhase section */

/* Begin PBXVariantGroup section */
		D1367FBA2B0482D7006F9078 /* LaunchScreen.storyboard */ = {
			isa = PBXVariantGroup;
			children = (
				D1367FBB2B0482D7006F9078 /* Base */,
			);
			name = LaunchScreen.storyboard;
			sourceTree = "<group>";
		};
/* End PBXVariantGroup section */

/* Begin XCBuildConfiguration section */
		D1367FBE2B0482D7006F9078 /* Debug */ = {
			isa = XCBuildConfiguration;
			buildSettings = {
				ALWAYS_SEARCH_USER_PATHS = NO;
				ASSETCATALOG_COMPILER_GENERATE_SWIFT_ASSET_SYMBOL_EXTENSIONS = YES;
				CLANG_ANALYZER_NONNULL = YES;
				CLANG_ANALYZER_NUMBER_OBJECT_CONVERSION = YES_AGGRESSIVE;
				CLANG_CXX_LANGUAGE_STANDARD = "gnu++20";
				CLANG_ENABLE_MODULES = YES;
				CLANG_ENABLE_OBJC_ARC = YES;
				CLANG_ENABLE_OBJC_WEAK = YES;
				CLANG_WARN_BLOCK_CAPTURE_AUTORELEASING = YES;
				CLANG_WARN_BOOL_CONVERSION = YES;
				CLANG_WARN_COMMA = YES;
				CLANG_WARN_CONSTANT_CONVERSION = YES;
				CLANG_WARN_DEPRECATED_OBJC_IMPLEMENTATIONS = YES;
				CLANG_WARN_DIRECT_OBJC_ISA_USAGE = YES_ERROR;
				CLANG_WARN_DOCUMENTATION_COMMENTS = YES;
				CLANG_WARN_EMPTY_BODY = YES;
				CLANG_WARN_ENUM_CONVERSION = YES;
				CLANG_WARN_INFINITE_RECURSION = YES;
				CLANG_WARN_INT_CONVERSION = YES;
				CLANG_WARN_NON_LITERAL_NULL_CONVERSION = YES;
				CLANG_WARN_OBJC_IMPLICIT_RETAIN_SELF = YES;
				CLANG_WARN_OBJC_LITERAL_CONVERSION = YES;
				CLANG_WARN_OBJC_ROOT_CLASS = YES_ERROR;
				CLANG_WARN_QUOTED_INCLUDE_IN_FRAMEWORK_HEADER = YES;
				CLANG_WARN_RANGE_LOOP_ANALYSIS = YES;
				CLANG_WARN_STRICT_PROTOTYPES = YES;
				CLANG_WARN_SUSPICIOUS_MOVE = YES;
				CLANG_WARN_UNGUARDED_AVAILABILITY = YES_AGGRESSIVE;
				CLANG_WARN_UNREACHABLE_CODE = YES;
				CLANG_WARN__DUPLICATE_METHOD_MATCH = YES;
				COPY_PHASE_STRIP = NO;
				DEBUG_INFORMATION_FORMAT = dwarf;
				ENABLE_STRICT_OBJC_MSGSEND = YES;
				ENABLE_TESTABILITY = YES;
				ENABLE_USER_SCRIPT_SANDBOXING = YES;
				GCC_C_LANGUAGE_STANDARD = gnu17;
				GCC_DYNAMIC_NO_PIC = NO;
				GCC_NO_COMMON_BLOCKS = YES;
				GCC_OPTIMIZATION_LEVEL = 0;
				GCC_PREPROCESSOR_DEFINITIONS = (
					"DEBUG=1",
					"$(inherited)",
				);
				GCC_WARN_64_TO_32_BIT_CONVERSION = YES;
				GCC_WARN_ABOUT_RETURN_TYPE = YES_ERROR;
				GCC_WARN_UNDECLARED_SELECTOR = YES;
				GCC_WARN_UNINITIALIZED_AUTOS = YES_AGGRESSIVE;
				GCC_WARN_UNUSED_FUNCTION = YES;
				GCC_WARN_UNUSED_VARIABLE = YES;
				IPHONEOS_DEPLOYMENT_TARGET = 17.0;
				LOCALIZATION_PREFERS_STRING_CATALOGS = YES;
				MTL_ENABLE_DEBUG_INFO = INCLUDE_SOURCE;
				MTL_FAST_MATH = YES;
				ONLY_ACTIVE_ARCH = YES;
				SDKROOT = iphoneos;
				SWIFT_ACTIVE_COMPILATION_CONDITIONS = "DEBUG $(inherited)";
				SWIFT_OPTIMIZATION_LEVEL = "-Onone";
			};
			name = Debug;
		};
		D1367FBF2B0482D7006F9078 /* Release */ = {
			isa = XCBuildConfiguration;
			buildSettings = {
				ALWAYS_SEARCH_USER_PATHS = NO;
				ASSETCATALOG_COMPILER_GENERATE_SWIFT_ASSET_SYMBOL_EXTENSIONS = YES;
				CLANG_ANALYZER_NONNULL = YES;
				CLANG_ANALYZER_NUMBER_OBJECT_CONVERSION = YES_AGGRESSIVE;
				CLANG_CXX_LANGUAGE_STANDARD = "gnu++20";
				CLANG_ENABLE_MODULES = YES;
				CLANG_ENABLE_OBJC_ARC = YES;
				CLANG_ENABLE_OBJC_WEAK = YES;
				CLANG_WARN_BLOCK_CAPTURE_AUTORELEASING = YES;
				CLANG_WARN_BOOL_CONVERSION = YES;
				CLANG_WARN_COMMA = YES;
				CLANG_WARN_CONSTANT_CONVERSION = YES;
				CLANG_WARN_DEPRECATED_OBJC_IMPLEMENTATIONS = YES;
				CLANG_WARN_DIRECT_OBJC_ISA_USAGE = YES_ERROR;
				CLANG_WARN_DOCUMENTATION_COMMENTS = YES;
				CLANG_WARN_EMPTY_BODY = YES;
				CLANG_WARN_ENUM_CONVERSION = YES;
				CLANG_WARN_INFINITE_RECURSION = YES;
				CLANG_WARN_INT_CONVERSION = YES;
				CLANG_WARN_NON_LITERAL_NULL_CONVERSION = YES;
				CLANG_WARN_OBJC_IMPLICIT_RETAIN_SELF = YES;
				CLANG_WARN_OBJC_LITERAL_CONVERSION = YES;
				CLANG_WARN_OBJC_ROOT_CLASS = YES_ERROR;
				CLANG_WARN_QUOTED_INCLUDE_IN_FRAMEWORK_HEADER = YES;
				CLANG_WARN_RANGE_LOOP_ANALYSIS = YES;
				CLANG_WARN_STRICT_PROTOTYPES = YES;
				CLANG_WARN_SUSPICIOUS_MOVE = YES;
				CLANG_WARN_UNGUARDED_AVAILABILITY = YES_AGGRESSIVE;
				CLANG_WARN_UNREACHABLE_CODE = YES;
				CLANG_WARN__DUPLICATE_METHOD_MATCH = YES;
				COPY_PHASE_STRIP = NO;
				DEBUG_INFORMATION_FORMAT = "dwarf-with-dsym";
				ENABLE_NS_ASSERTIONS = NO;
				ENABLE_STRICT_OBJC_MSGSEND = YES;
				ENABLE_USER_SCRIPT_SANDBOXING = YES;
				GCC_C_LANGUAGE_STANDARD = gnu17;
				GCC_NO_COMMON_BLOCKS = YES;
				GCC_WARN_64_TO_32_BIT_CONVERSION = YES;
				GCC_WARN_ABOUT_RETURN_TYPE = YES_ERROR;
				GCC_WARN_UNDECLARED_SELECTOR = YES;
				GCC_WARN_UNINITIALIZED_AUTOS = YES_AGGRESSIVE;
				GCC_WARN_UNUSED_FUNCTION = YES;
				GCC_WARN_UNUSED_VARIABLE = YES;
				IPHONEOS_DEPLOYMENT_TARGET = 17.0;
				LOCALIZATION_PREFERS_STRING_CATALOGS = YES;
				MTL_ENABLE_DEBUG_INFO = NO;
				MTL_FAST_MATH = YES;
				SDKROOT = iphoneos;
				SWIFT_COMPILATION_MODE = wholemodule;
				VALIDATE_PRODUCT = YES;
			};
			name = Release;
		};
		D1367FC12B0482D7006F9078 /* Debug */ = {
			isa = XCBuildConfiguration;
			buildSettings = {
				ASSETCATALOG_COMPILER_APPICON_NAME = AppIcon;
				ASSETCATALOG_COMPILER_GLOBAL_ACCENT_COLOR_NAME = AccentColor;
				CODE_SIGN_STYLE = Automatic;
				CURRENT_PROJECT_VERSION = 1;
				GENERATE_INFOPLIST_FILE = YES;
				INFOPLIST_FILE = RickAndMorty/Info.plist;
				INFOPLIST_KEY_UIApplicationSupportsIndirectInputEvents = YES;
				INFOPLIST_KEY_UILaunchStoryboardName = LaunchScreen;
				INFOPLIST_KEY_UISupportedInterfaceOrientations_iPad = "UIInterfaceOrientationPortrait UIInterfaceOrientationPortraitUpsideDown UIInterfaceOrientationLandscapeLeft UIInterfaceOrientationLandscapeRight";
				INFOPLIST_KEY_UISupportedInterfaceOrientations_iPhone = "UIInterfaceOrientationPortrait UIInterfaceOrientationLandscapeLeft UIInterfaceOrientationLandscapeRight";
				LD_RUNPATH_SEARCH_PATHS = (
					"$(inherited)",
					"@executable_path/Frameworks",
				);
				MARKETING_VERSION = 1.0;
				PRODUCT_BUNDLE_IDENTIFIER = com.example.RickAndMorty;
				PRODUCT_NAME = "$(TARGET_NAME)";
				SWIFT_EMIT_LOC_STRINGS = YES;
				SWIFT_VERSION = 5.0;
				TARGETED_DEVICE_FAMILY = "1,2";
			};
			name = Debug;
		};
		D1367FC22B0482D7006F9078 /* Release */ = {
			isa = XCBuildConfiguration;
			buildSettings = {
				ASSETCATALOG_COMPILER_APPICON_NAME = AppIcon;
				ASSETCATALOG_COMPILER_GLOBAL_ACCENT_COLOR_NAME = AccentColor;
				CODE_SIGN_STYLE = Automatic;
				CURRENT_PROJECT_VERSION = 1;
				GENERATE_INFOPLIST_FILE = YES;
				INFOPLIST_FILE = RickAndMorty/Info.plist;
				INFOPLIST_KEY_UIApplicationSupportsIndirectInputEvents = YES;
				INFOPLIST_KEY_UILaunchStoryboardName = LaunchScreen;
				INFOPLIST_KEY_UISupportedInterfaceOrientations_iPad = "UIInterfaceOrientationPortrait UIInterfaceOrientationPortraitUpsideDown UIInterfaceOrientationLandscapeLeft UIInterfaceOrientationLandscapeRight";
				INFOPLIST_KEY_UISupportedInterfaceOrientations_iPhone = "UIInterfaceOrientationPortrait UIInterfaceOrientationLandscapeLeft UIInterfaceOrientationLandscapeRight";
				LD_RUNPATH_SEARCH_PATHS = (
					"$(inherited)",
					"@executable_path/Frameworks",
				);
				MARKETING_VERSION = 1.0;
				PRODUCT_BUNDLE_IDENTIFIER = com.example.RickAndMorty;
				PRODUCT_NAME = "$(TARGET_NAME)";
				SWIFT_EMIT_LOC_STRINGS = YES;
				SWIFT_VERSION = 5.0;
				TARGETED_DEVICE_FAMILY = "1,2";
			};
			name = Release;
		};
/* End XCBuildConfiguration section */

/* Begin XCConfigurationList section */
		D1367FA72B0482D6006F9078 /* Build configuration list for PBXProject "RickAndMorty" */ = {
			isa = XCConfigurationList;
			buildConfigurations = (
				D1367FBE2B0482D7006F9078 /* Debug */,
				D1367FBF2B0482D7006F9078 /* Release */,
			);
			defaultConfigurationIsVisible = 0;
			defaultConfigurationName = Release;
		};
		D1367FC02B0482D7006F9078 /* Build configuration list for PBXNativeTarget "RickAndMorty" */ = {
			isa = XCConfigurationList;
			buildConfigurations = (
				D1367FC12B0482D7006F9078 /* Debug */,
				D1367FC22B0482D7006F9078 /* Release */,
			);
			defaultConfigurationIsVisible = 0;
			defaultConfigurationName = Release;
		};
/* End XCConfigurationList section */
	};
	rootObject = D1367FA42B0482D6006F9078 /* Project object */;
}
